# This file is generated by running "yarn install" inside your project.
# Manual changes might be lost - proceed with caution!

__metadata:
  version: 9
  cacheKey: 10c0

"@midnight-ntwrk/compact-runtime@npm:0.16.0":
  version: 0.16.0
  resolution: "@midnight-ntwrk/compact-runtime@npm:0.16.0"
  dependencies:
    "@midnight-ntwrk/onchain-runtime-v3": "npm:^3.0.0"
    "@types/object-inspect": "npm:^1.8.1"
    object-inspect: "npm:^1.12.3"
  checksum: 10c0/45e70543539ef837150a84fe2143e5c95bdf078cfe2943d0ff1ec256a90560e9638e301878df061b8d70cb7480d0b1ecde0b1a27fabebd04053387264564a759
  languageName: node
  linkType: hard

"@midnight-ntwrk/onchain-runtime-v3@npm:^3.0.0":
  version: 3.0.0
  resolution: "@midnight-ntwrk/onchain-runtime-v3@npm:3.0.0"
  checksum: 10c0/74e42e97eba6f2d1c03b32a9dc75dcc87be83850275d60dcbf17c673cfebf63927fc37160365874089ae2356e65a215e75d1cd049c6e31e7320117471a90ec33
  languageName: node
  linkType: hard

"@types/object-inspect@npm:^1.8.1":
  version: 1.13.0
  resolution: "@types/object-inspect@npm:1.13.0"
  checksum: 10c0/c2a465a52173b41398f39b52d964ccba8e850dab7721e162d7a32c382638bbebf96d2f581f32a0792c857c51b52d8925906d026bd52ff900454b22b7d946a50c
  languageName: node
  linkType: hard

"BrowseMe@workspace:.":
  version: 0.0.0-use.local
  resolution: "BrowseMe@workspace:."
  dependencies:
    "@midnight-ntwrk/compact-runtime": "npm:0.16.0"
  languageName: unknown
  linkType: soft

"object-inspect@npm:^1.12.3":
  version: 1.13.4
  resolution: "object-inspect@npm:1.13.4"
  checksum: 10c0/d7f8711e803b96ea3191c745d6f8056ce1f2496e530e6a19a0e92d89b0fa3c76d910c31f0aa270432db6bd3b2f85500a376a83aaba849a8d518c8845b3211692
  languageName: node
  linkType: hard
